
Microsoft Visual Studio Solution File, Format Version 12.00
# Visual Studio Version 17
VisualStudioVersion = 17.2.32616.157
MinimumVisualStudioVersion = 10.0.40219.1
Project("{FAE04EC0-301F-11D3-BF4B-00C04F79EFBC}") = "WhatsApp", "WhatsApp\WhatsApp.csproj", "{B85094A5-B696-4618-9880-328C08EC1598}"
EndProject
Global
	GlobalSection(SolutionConfigurationPlatforms) = preSolution
		Debug|Any CPU = Debug|Any CPU
		Release|Any CPU = Release|Any CPU
	EndGlobalSection
	GlobalSection(ProjectConfigurationPlatforms) = postSolution
		{B85094A5-B696-4618-9880-328C08EC1598}.Debug|Any CPU.ActiveCfg = Debug|Any CPU
		{B85094A5-B696-4618-9880-328C08EC1598}.Debug|Any CPU.Build.0 = Debug|Any CPU
		{B85094A5-B696-4618-9880-328C08EC1598}.Debug|Any CPU.Deploy.0 = Debug|Any CPU
		{B85094A5-B696-4618-9880-328C08EC1598}.Release|Any CPU.ActiveCfg = Release|Any CPU
		{B85094A5-B696-4618-9880-328C08EC1598}.Release|Any CPU.Build.0 = Release|Any CPU
		{B85094A5-B696-4618-9880-328C08EC1598}.Release|Any CPU.Deploy.0 = Release|Any CPU
	EndGlobalSection
	GlobalSection(SolutionProperties) = preSolution
		HideSolutionNode = FALSE
	EndGlobalSection
	GlobalSection(ExtensibilityGlobals) = postSolution
		SolutionGuid = {BBC25C79-1BDB-4DAF-ABF4-AF7C9540FD04}
	EndGlobalSection
EndGlobal
